
Microsoft Visual Studio Solution File, Format Version 12.00
# Visual Studio Version 17
VisualStudioVersion = 17.4.33205.214
MinimumVisualStudioVersion = 10.0.40219.1
Project("{FAE04EC0-301F-11D3-BF4B-00C04F79EFBC}") = "Console-Chess", "Console-Chess\Console-Chess.csproj", "{B1860763-AF57-46FB-B290-93CE5F2FA5FF}"
EndProject
Global
	GlobalSection(SolutionConfigurationPlatforms) = preSolution
		Debug|Any CPU = Debug|Any CPU
		Release|Any CPU = Release|Any CPU
	EndGlobalSection
	GlobalSection(ProjectConfigurationPlatforms) = postSolution
		{B1860763-AF57-46FB-B290-93CE5F2FA5FF}.Debug|Any CPU.ActiveCfg = Debug|Any CPU
		{B1860763-AF57-46FB-B290-93CE5F2FA5FF}.Debug|Any CPU.Build.0 = Debug|Any CPU
		{B1860763-AF57-46FB-B290-93CE5F2FA5FF}.Release|Any CPU.ActiveCfg = Release|Any CPU
		{B1860763-AF57-46FB-B290-93CE5F2FA5FF}.Release|Any CPU.Build.0 = Release|Any CPU
	EndGlobalSection
	GlobalSection(SolutionProperties) = preSolution
		HideSolutionNode = FALSE
	EndGlobalSection
	GlobalSection(ExtensibilityGlobals) = postSolution
		SolutionGuid = {12DC65AE-DCFD-491A-A69C-2019E7421B92}
	EndGlobalSection
EndGlobal
